
Microsoft Visual Studio Solution File, Format Version 12.00
# Visual Studio Version 17
VisualStudioVersion = 17.5.002.0
MinimumVisualStudioVersion = 10.0.40219.1
Project("{9A19103F-16F7-4668-BE54-9A1E7A4F7556}") = "UsuarioAPI8", "UsuarioAPI8.csproj", "{3F151F17-B394-41F1-B3E3-1BB1CA131896}"
EndProject
Global
	GlobalSection(SolutionConfigurationPlatforms) = preSolution
		Debug|Any CPU = Debug|Any CPU
		Release|Any CPU = Release|Any CPU
	EndGlobalSection
	GlobalSection(ProjectConfigurationPlatforms) = postSolution
		{3F151F17-B394-41F1-B3E3-1BB1CA131896}.Debug|Any CPU.ActiveCfg = Debug|Any CPU
		{3F151F17-B394-41F1-B3E3-1BB1CA131896}.Debug|Any CPU.Build.0 = Debug|Any CPU
		{3F151F17-B394-41F1-B3E3-1BB1CA131896}.Release|Any CPU.ActiveCfg = Release|Any CPU
		{3F151F17-B394-41F1-B3E3-1BB1CA131896}.Release|Any CPU.Build.0 = Release|Any CPU
	EndGlobalSection
	GlobalSection(SolutionProperties) = preSolution
		HideSolutionNode = FALSE
	EndGlobalSection
	GlobalSection(ExtensibilityGlobals) = postSolution
		SolutionGuid = {7F0FF1A4-E1A1-4A13-9583-C76B78120866}
	EndGlobalSection
EndGlobal
